// !$*UTF8*$!
{
	archiveVersion = 1;
	classes = {
	};
	objectVersion = 56;
	objects = {

/* Begin PBXBuildFile section */
		CBD829282B303E9F00026767 /* AppDelegate.swift in Sources */ = {isa = PBXBuildFile; fileRef = CBD829272B303E9F00026767 /* AppDelegate.swift */; };
		CBD8292A2B303E9F00026767 /* SceneDelegate.swift in Sources */ = {isa = PBXBuildFile; fileRef = CBD829292B303E9F00026767 /* SceneDelegate.swift */; };
		CBD8292C2B303E9F00026767 /* ViewController.swift in Sources */ = {isa = PBXBuildFile; fileRef = CBD8292B2B303E9F00026767 /* ViewController.swift */; };
		CBD8292F2B303E9F00026767 /* Main.storyboard in Resources */ = {isa = PBXBuildFile; fileRef = CBD8292D2B303E9F00026767 /* Main.storyboard */; };
		CBD829312B303EA000026767 /* Assets.xcassets in Resources */ = {isa = PBXBuildFile; fileRef = CBD829302B303EA000026767 /* Assets.xcassets */; };
		CBD829342B303EA000026767 /* LaunchScreen.storyboard in Resources */ = {isa = PBXBuildFile; fileRef = CBD829322B303EA000026767 /* LaunchScreen.storyboard */; };
		CBD8293D2B303F2700026767 /* RxCocoa in Frameworks */ = {isa = PBXBuildFile; productRef = CBD8293C2B303F2700026767 /* RxCocoa */; };
		CBD8293F2B303F2700026767 /* RxSwift in Frameworks */ = {isa = PBXBuildFile; productRef = CBD8293E2B303F2700026767 /* RxSwift */; };
		CBD829422B303F3900026767 /* SnapKit in Frameworks */ = {isa = PBXBuildFile; productRef = CBD829412B303F3900026767 /* SnapKit */; };
		CBD829452B303F5C00026767 /* Kingfisher in Frameworks */ = {isa = PBXBuildFile; productRef = CBD829442B303F5C00026767 /* Kingfisher */; };
		CBD829482B303F7400026767 /* RxAlamofire in Frameworks */ = {isa = PBXBuildFile; productRef = CBD829472B303F7400026767 /* RxAlamofire */; };
		CBD8294B2B30418400026767 /* Const.swift in Sources */ = {isa = PBXBuildFile; fileRef = CBD8294A2B30418400026767 /* Const.swift */; };
		CBD8294E2B30434100026767 /* TV.swift in Sources */ = {isa = PBXBuildFile; fileRef = CBD8294D2B30434100026767 /* TV.swift */; };
		CBD829502B305C1D00026767 /* Movie.swift in Sources */ = {isa = PBXBuildFile; fileRef = CBD8294F2B305C1D00026767 /* Movie.swift */; };
		CBD829522B305D8100026767 /* MovieResult.swift in Sources */ = {isa = PBXBuildFile; fileRef = CBD829512B305D8100026767 /* MovieResult.swift */; };
		CBD829542B305E3400026767 /* Network.swift in Sources */ = {isa = PBXBuildFile; fileRef = CBD829532B305E3400026767 /* Network.swift */; };
		CBD829562B30603300026767 /* TVNetwork.swift in Sources */ = {isa = PBXBuildFile; fileRef = CBD829552B30603300026767 /* TVNetwork.swift */; };
		CBD829582B3060ED00026767 /* MovieNetwork.swift in Sources */ = {isa = PBXBuildFile; fileRef = CBD829572B3060ED00026767 /* MovieNetwork.swift */; };
		CBD8295A2B3061AF00026767 /* NetworkProvider.swift in Sources */ = {isa = PBXBuildFile; fileRef = CBD829592B3061AF00026767 /* NetworkProvider.swift */; };
/* End PBXBuildFile section */

/* Begin PBXFileReference section */
		CBD829242B303E9F00026767 /* TVMovieRanking.app */ = {isa = PBXFileReference; explicitFileType = wrapper.application; includeInIndex = 0; path = TVMovieRanking.app; sourceTree = BUILT_PRODUCTS_DIR; };
		CBD829272B303E9F00026767 /* AppDelegate.swift */ = {isa = PBXFileReference; lastKnownFileType = sourcecode.swift; path = AppDelegate.swift; sourceTree = "<group>"; };
		CBD829292B303E9F00026767 /* SceneDelegate.swift */ = {isa = PBXFileReference; lastKnownFileType = sourcecode.swift; path = SceneDelegate.swift; sourceTree = "<group>"; };
		CBD8292B2B303E9F00026767 /* ViewController.swift */ = {isa = PBXFileReference; lastKnownFileType = sourcecode.swift; path = ViewController.swift; sourceTree = "<group>"; };
		CBD8292E2B303E9F00026767 /* Base */ = {isa = PBXFileReference; lastKnownFileType = file.storyboard; name = Base; path = Base.lproj/Main.storyboard; sourceTree = "<group>"; };
		CBD829302B303EA000026767 /* Assets.xcassets */ = {isa = PBXFileReference; lastKnownFileType = folder.assetcatalog; path = Assets.xcassets; sourceTree = "<group>"; };
		CBD829332B303EA000026767 /* Base */ = {isa = PBXFileReference; lastKnownFileType = file.storyboard; name = Base; path = Base.lproj/LaunchScreen.storyboard; sourceTree = "<group>"; };
		CBD829352B303EA000026767 /* Info.plist */ = {isa = PBXFileReference; lastKnownFileType = text.plist.xml; path = Info.plist; sourceTree = "<group>"; };
		CBD8294A2B30418400026767 /* Const.swift */ = {isa = PBXFileReference; lastKnownFileType = sourcecode.swift; path = Const.swift; sourceTree = "<group>"; };
		CBD8294D2B30434100026767 /* TV.swift */ = {isa = PBXFileReference; lastKnownFileType = sourcecode.swift; path = TV.swift; sourceTree = "<group>"; };
		CBD8294F2B305C1D00026767 /* Movie.swift */ = {isa = PBXFileReference; lastKnownFileType = sourcecode.swift; path = Movie.swift; sourceTree = "<group>"; };
		CBD829512B305D8100026767 /* MovieResult.swift */ = {isa = PBXFileReference; lastKnownFileType = sourcecode.swift; path = MovieResult.swift; sourceTree = "<group>"; };
		CBD829532B305E3400026767 /* Network.swift */ = {isa = PBXFileReference; lastKnownFileType = sourcecode.swift; path = Network.swift; sourceTree = "<group>"; };
		CBD829552B30603300026767 /* TVNetwork.swift */ = {isa = PBXFileReference; lastKnownFileType = sourcecode.swift; path = TVNetwork.swift; sourceTree = "<group>"; };
		CBD829572B3060ED00026767 /* MovieNetwork.swift */ = {isa = PBXFileReference; lastKnownFileType = sourcecode.swift; path = MovieNetwork.swift; sourceTree = "<group>"; };
		CBD829592B3061AF00026767 /* NetworkProvider.swift */ = {isa = PBXFileReference; lastKnownFileType = sourcecode.swift; path = NetworkProvider.swift; sourceTree = "<group>"; };
/* End PBXFileReference section */

/* Begin PBXFrameworksBuildPhase section */
		CBD829212B303E9F00026767 /* Frameworks */ = {
			isa = PBXFrameworksBuildPhase;
			buildActionMask = 2147483647;
			files = (
				CBD829452B303F5C00026767 /* Kingfisher in Frameworks */,
				CBD829422B303F3900026767 /* SnapKit in Frameworks */,
				CBD8293F2B303F2700026767 /* RxSwift in Frameworks */,
				CBD829482B303F7400026767 /* RxAlamofire in Frameworks */,
				CBD8293D2B303F2700026767 /* RxCocoa in Frameworks */,
			);
			runOnlyForDeploymentPostprocessing = 0;
		};
/* End PBXFrameworksBuildPhase section */

/* Begin PBXGroup section */
		CBD8291B2B303E9F00026767 = {
			isa = PBXGroup;
			children = (
				CBD829262B303E9F00026767 /* TVMovieRanking */,
				CBD829252B303E9F00026767 /* Products */,
			);
			sourceTree = "<group>";
		};
		CBD829252B303E9F00026767 /* Products */ = {
			isa = PBXGroup;
			children = (
				CBD829242B303E9F00026767 /* TVMovieRanking.app */,
			);
			name = Products;
			sourceTree = "<group>";
		};
		CBD829262B303E9F00026767 /* TVMovieRanking */ = {
			isa = PBXGroup;
			children = (
				CBD829272B303E9F00026767 /* AppDelegate.swift */,
				CBD829292B303E9F00026767 /* SceneDelegate.swift */,
				CBD8292B2B303E9F00026767 /* ViewController.swift */,
				CBD829492B30417100026767 /* Network */,
				CBD8292D2B303E9F00026767 /* Main.storyboard */,
				CBD829302B303EA000026767 /* Assets.xcassets */,
				CBD829322B303EA000026767 /* LaunchScreen.storyboard */,
				CBD829352B303EA000026767 /* Info.plist */,
			);
			path = TVMovieRanking;
			sourceTree = "<group>";
		};
		CBD829492B30417100026767 /* Network */ = {
			isa = PBXGroup;
			children = (
				CBD8294A2B30418400026767 /* Const.swift */,
				CBD8294C2B30433200026767 /* Entities */,
				CBD829532B305E3400026767 /* Network.swift */,
				CBD829552B30603300026767 /* TVNetwork.swift */,
				CBD829572B3060ED00026767 /* MovieNetwork.swift */,
				CBD829592B3061AF00026767 /* NetworkProvider.swift */,
			);
			path = Network;
			sourceTree = "<group>";
		};
		CBD8294C2B30433200026767 /* Entities */ = {
			isa = PBXGroup;
			children = (
				CBD8294D2B30434100026767 /* TV.swift */,
				CBD8294F2B305C1D00026767 /* Movie.swift */,
				CBD829512B305D8100026767 /* MovieResult.swift */,
			);
			path = Entities;
			sourceTree = "<group>";
		};
/* End PBXGroup section */

/* Begin PBXNativeTarget section */
		CBD829232B303E9F00026767 /* TVMovieRanking */ = {
			isa = PBXNativeTarget;
			buildConfigurationList = CBD829382B303EA000026767 /* Build configuration list for PBXNativeTarget "TVMovieRanking" */;
			buildPhases = (
				CBD829202B303E9F00026767 /* Sources */,
				CBD829212B303E9F00026767 /* Frameworks */,
				CBD829222B303E9F00026767 /* Resources */,
			);
			buildRules = (
			);
			dependencies = (
			);
			name = TVMovieRanking;
			packageProductDependencies = (
				CBD8293C2B303F2700026767 /* RxCocoa */,
				CBD8293E2B303F2700026767 /* RxSwift */,
				CBD829412B303F3900026767 /* SnapKit */,
				CBD829442B303F5C00026767 /* Kingfisher */,
				CBD829472B303F7400026767 /* RxAlamofire */,
			);
			productName = TVMovieRanking;
			productReference = CBD829242B303E9F00026767 /* TVMovieRanking.app */;
			productType = "com.apple.product-type.application";
		};
/* End PBXNativeTarget section */

/* Begin PBXProject section */
		CBD8291C2B303E9F00026767 /* Project object */ = {
			isa = PBXProject;
			attributes = {
				BuildIndependentTargetsInParallel = 1;
				LastSwiftUpdateCheck = 1510;
				LastUpgradeCheck = 1510;
				TargetAttributes = {
					CBD829232B303E9F00026767 = {
						CreatedOnToolsVersion = 15.1;
					};
				};
			};
			buildConfigurationList = CBD8291F2B303E9F00026767 /* Build configuration list for PBXProject "TVMovieRanking" */;
			compatibilityVersion = "Xcode 14.0";
			developmentRegion = en;
			hasScannedForEncodings = 0;
			knownRegions = (
				en,
				Base,
			);
			mainGroup = CBD8291B2B303E9F00026767;
			packageReferences = (
				CBD8293B2B303F2700026767 /* XCRemoteSwiftPackageReference "RxSwift" */,
				CBD829402B303F3900026767 /* XCRemoteSwiftPackageReference "SnapKit" */,
				CBD829432B303F5C00026767 /* XCRemoteSwiftPackageReference "Kingfisher" */,
				CBD829462B303F7400026767 /* XCRemoteSwiftPackageReference "RxAlamofire" */,
			);
			productRefGroup = CBD829252B303E9F00026767 /* Products */;
			projectDirPath = "";
			projectRoot = "";
			targets = (
				CBD829232B303E9F00026767 /* TVMovieRanking */,
			);
		};
/* End PBXProject section */

/* Begin PBXResourcesBuildPhase section */
		CBD829222B303E9F00026767 /* Resources */ = {
			isa = PBXResourcesBuildPhase;
			buildActionMask = 2147483647;
			files = (
				CBD829342B303EA000026767 /* LaunchScreen.storyboard in Resources */,
				CBD829312B303EA000026767 /* Assets.xcassets in Resources */,
				CBD8292F2B303E9F00026767 /* Main.storyboard in Resources */,
			);
			runOnlyForDeploymentPostprocessing = 0;
		};
/* End PBXResourcesBuildPhase section */

/* Begin PBXSourcesBuildPhase section */
		CBD829202B303E9F00026767 /* Sources */ = {
			isa = PBXSourcesBuildPhase;
			buildActionMask = 2147483647;
			files = (
				CBD829522B305D8100026767 /* MovieResult.swift in Sources */,
				CBD8292C2B303E9F00026767 /* ViewController.swift in Sources */,
				CBD829542B305E3400026767 /* Network.swift in Sources */,
				CBD829562B30603300026767 /* TVNetwork.swift in Sources */,
				CBD8294B2B30418400026767 /* Const.swift in Sources */,
				CBD829582B3060ED00026767 /* MovieNetwork.swift in Sources */,
				CBD829502B305C1D00026767 /* Movie.swift in Sources */,
				CBD8295A2B3061AF00026767 /* NetworkProvider.swift in Sources */,
				CBD829282B303E9F00026767 /* AppDelegate.swift in Sources */,
				CBD8294E2B30434100026767 /* TV.swift in Sources */,
				CBD8292A2B303E9F00026767 /* SceneDelegate.swift in Sources */,
			);
			runOnlyForDeploymentPostprocessing = 0;
		};
/* End PBXSourcesBuildPhase section */

/* Begin PBXVariantGroup section */
		CBD8292D2B303E9F00026767 /* Main.storyboard */ = {
			isa = PBXVariantGroup;
			children = (
				CBD8292E2B303E9F00026767 /* Base */,
			);
			name = Main.storyboard;
			sourceTree = "<group>";
		};
		CBD829322B303EA000026767 /* LaunchScreen.storyboard */ = {
			isa = PBXVariantGroup;
			children = (
				CBD829332B303EA000026767 /* Base */,
			);
			name = LaunchScreen.storyboard;
			sourceTree = "<group>";
		};
/* End PBXVariantGroup section */

/* Begin XCBuildConfiguration section */
		CBD829362B303EA000026767 /* Debug */ = {
			isa = XCBuildConfiguration;
			buildSettings = {
				ALWAYS_SEARCH_USER_PATHS = NO;
				ASSETCATALOG_COMPILER_GENERATE_SWIFT_ASSET_SYMBOL_EXTENSIONS = YES;
				CLANG_ANALYZER_NONNULL = YES;
				CLANG_ANALYZER_NUMBER_OBJECT_CONVERSION = YES_AGGRESSIVE;
				CLANG_CXX_LANGUAGE_STANDARD = "gnu++20";
				CLANG_ENABLE_MODULES = YES;
				CLANG_ENABLE_OBJC_ARC = YES;
				CLANG_ENABLE_OBJC_WEAK = YES;
				CLANG_WARN_BLOCK_CAPTURE_AUTORELEASING = YES;
				CLANG_WARN_BOOL_CONVERSION = YES;
				CLANG_WARN_COMMA = YES;
				CLANG_WARN_CONSTANT_CONVERSION = YES;
				CLANG_WARN_DEPRECATED_OBJC_IMPLEMENTATIONS = YES;
				CLANG_WARN_DIRECT_OBJC_ISA_USAGE = YES_ERROR;
				CLANG_WARN_DOCUMENTATION_COMMENTS = YES;
				CLANG_WARN_EMPTY_BODY = YES;
				CLANG_WARN_ENUM_CONVERSION = YES;
				CLANG_WARN_INFINITE_RECURSION = YES;
				CLANG_WARN_INT_CONVERSION = YES;
				CLANG_WARN_NON_LITERAL_NULL_CONVERSION = YES;
				CLANG_WARN_OBJC_IMPLICIT_RETAIN_SELF = YES;
				CLANG_WARN_OBJC_LITERAL_CONVERSION = YES;
				CLANG_WARN_OBJC_ROOT_CLASS = YES_ERROR;
				CLANG_WARN_QUOTED_INCLUDE_IN_FRAMEWORK_HEADER = YES;
				CLANG_WARN_RANGE_LOOP_ANALYSIS = YES;
				CLANG_WARN_STRICT_PROTOTYPES = YES;
				CLANG_WARN_SUSPICIOUS_MOVE = YES;
				CLANG_WARN_UNGUARDED_AVAILABILITY = YES_AGGRESSIVE;
				CLANG_WARN_UNREACHABLE_CODE = YES;
				CLANG_WARN__DUPLICATE_METHOD_MATCH = YES;
				COPY_PHASE_STRIP = NO;
				DEBUG_INFORMATION_FORMAT = dwarf;
				ENABLE_STRICT_OBJC_MSGSEND = YES;
				ENABLE_TESTABILITY = YES;
				ENABLE_USER_SCRIPT_SANDBOXING = YES;
				GCC_C_LANGUAGE_STANDARD = gnu17;
				GCC_DYNAMIC_NO_PIC = NO;
				GCC_NO_COMMON_BLOCKS = YES;
				GCC_OPTIMIZATION_LEVEL = 0;
				GCC_PREPROCESSOR_DEFINITIONS = (
					"DEBUG=1",
					"$(inherited)",
				);
				GCC_WARN_64_TO_32_BIT_CONVERSION = YES;
				GCC_WARN_ABOUT_RETURN_TYPE = YES_ERROR;
				GCC_WARN_UNDECLARED_SELECTOR = YES;
				GCC_WARN_UNINITIALIZED_AUTOS = YES_AGGRESSIVE;
				GCC_WARN_UNUSED_FUNCTION = YES;
				GCC_WARN_UNUSED_VARIABLE = YES;
				IPHONEOS_DEPLOYMENT_TARGET = 17.2;
				LOCALIZATION_PREFERS_STRING_CATALOGS = YES;
				MTL_ENABLE_DEBUG_INFO = INCLUDE_SOURCE;
				MTL_FAST_MATH = YES;
				ONLY_ACTIVE_ARCH = YES;
				SDKROOT = iphoneos;
				SWIFT_ACTIVE_COMPILATION_CONDITIONS = "DEBUG $(inherited)";
				SWIFT_OPTIMIZATION_LEVEL = "-Onone";
			};
			name = Debug;
		};
		CBD829372B303EA000026767 /* Release */ = {
			isa = XCBuildConfiguration;
			buildSettings = {
				ALWAYS_SEARCH_USER_PATHS = NO;
				ASSETCATALOG_COMPILER_GENERATE_SWIFT_ASSET_SYMBOL_EXTENSIONS = YES;
				CLANG_ANALYZER_NONNULL = YES;
				CLANG_ANALYZER_NUMBER_OBJECT_CONVERSION = YES_AGGRESSIVE;
				CLANG_CXX_LANGUAGE_STANDARD = "gnu++20";
				CLANG_ENABLE_MODULES = YES;
				CLANG_ENABLE_OBJC_ARC = YES;
				CLANG_ENABLE_OBJC_WEAK = YES;
				CLANG_WARN_BLOCK_CAPTURE_AUTORELEASING = YES;
				CLANG_WARN_BOOL_CONVERSION = YES;
				CLANG_WARN_COMMA = YES;
				CLANG_WARN_CONSTANT_CONVERSION = YES;
				CLANG_WARN_DEPRECATED_OBJC_IMPLEMENTATIONS = YES;
				CLANG_WARN_DIRECT_OBJC_ISA_USAGE = YES_ERROR;
				CLANG_WARN_DOCUMENTATION_COMMENTS = YES;
				CLANG_WARN_EMPTY_BODY = YES;
				CLANG_WARN_ENUM_CONVERSION = YES;
				CLANG_WARN_INFINITE_RECURSION = YES;
				CLANG_WARN_INT_CONVERSION = YES;
				CLANG_WARN_NON_LITERAL_NULL_CONVERSION = YES;
				CLANG_WARN_OBJC_IMPLICIT_RETAIN_SELF = YES;
				CLANG_WARN_OBJC_LITERAL_CONVERSION = YES;
				CLANG_WARN_OBJC_ROOT_CLASS = YES_ERROR;
				CLANG_WARN_QUOTED_INCLUDE_IN_FRAMEWORK_HEADER = YES;
				CLANG_WARN_RANGE_LOOP_ANALYSIS = YES;
				CLANG_WARN_STRICT_PROTOTYPES = YES;
				CLANG_WARN_SUSPICIOUS_MOVE = YES;
				CLANG_WARN_UNGUARDED_AVAILABILITY = YES_AGGRESSIVE;
				CLANG_WARN_UNREACHABLE_CODE = YES;
				CLANG_WARN__DUPLICATE_METHOD_MATCH = YES;
				COPY_PHASE_STRIP = NO;
				DEBUG_INFORMATION_FORMAT = "dwarf-with-dsym";
				ENABLE_NS_ASSERTIONS = NO;
				ENABLE_STRICT_OBJC_MSGSEND = YES;
				ENABLE_USER_SCRIPT_SANDBOXING = YES;
				GCC_C_LANGUAGE_STANDARD = gnu17;
				GCC_NO_COMMON_BLOCKS = YES;
				GCC_WARN_64_TO_32_BIT_CONVERSION = YES;
				GCC_WARN_ABOUT_RETURN_TYPE = YES_ERROR;
				GCC_WARN_UNDECLARED_SELECTOR = YES;
				GCC_WARN_UNINITIALIZED_AUTOS = YES_AGGRESSIVE;
				GCC_WARN_UNUSED_FUNCTION = YES;
				GCC_WARN_UNUSED_VARIABLE = YES;
				IPHONEOS_DEPLOYMENT_TARGET = 17.2;
				LOCALIZATION_PREFERS_STRING_CATALOGS = YES;
				MTL_ENABLE_DEBUG_INFO = NO;
				MTL_FAST_MATH = YES;
				SDKROOT = iphoneos;
				SWIFT_COMPILATION_MODE = wholemodule;
				VALIDATE_PRODUCT = YES;
			};
			name = Release;
		};
		CBD829392B303EA000026767 /* Debug */ = {
			isa = XCBuildConfiguration;
			buildSettings = {
				ASSETCATALOG_COMPILER_APPICON_NAME = AppIcon;
				ASSETCATALOG_COMPILER_GLOBAL_ACCENT_COLOR_NAME = AccentColor;
				CODE_SIGN_STYLE = Automatic;
				CURRENT_PROJECT_VERSION = 1;
				GENERATE_INFOPLIST_FILE = YES;
				INFOPLIST_FILE = TVMovieRanking/Info.plist;
				INFOPLIST_KEY_UIApplicationSupportsIndirectInputEvents = YES;
				INFOPLIST_KEY_UILaunchStoryboardName = LaunchScreen;
				INFOPLIST_KEY_UIMainStoryboardFile = Main;
				INFOPLIST_KEY_UISupportedInterfaceOrientations_iPad = "UIInterfaceOrientationPortrait UIInterfaceOrientationPortraitUpsideDown UIInterfaceOrientationLandscapeLeft UIInterfaceOrientationLandscapeRight";
				INFOPLIST_KEY_UISupportedInterfaceOrientations_iPhone = "UIInterfaceOrientationPortrait UIInterfaceOrientationLandscapeLeft UIInterfaceOrientationLandscapeRight";
				LD_RUNPATH_SEARCH_PATHS = (
					"$(inherited)",
					"@executable_path/Frameworks",
				);
				MARKETING_VERSION = 1.0;
				PRODUCT_BUNDLE_IDENTIFIER = com.test.TVMovieRanking;
				PRODUCT_NAME = "$(TARGET_NAME)";
				SWIFT_EMIT_LOC_STRINGS = YES;
				SWIFT_VERSION = 5.0;
				TARGETED_DEVICE_FAMILY = "1,2";
			};
			name = Debug;
		};
		CBD8293A2B303EA000026767 /* Release */ = {
			isa = XCBuildConfiguration;
			buildSettings = {
				ASSETCATALOG_COMPILER_APPICON_NAME = AppIcon;
				ASSETCATALOG_COMPILER_GLOBAL_ACCENT_COLOR_NAME = AccentColor;
				CODE_SIGN_STYLE = Automatic;
				CURRENT_PROJECT_VERSION = 1;
				GENERATE_INFOPLIST_FILE = YES;
				INFOPLIST_FILE = TVMovieRanking/Info.plist;
				INFOPLIST_KEY_UIApplicationSupportsIndirectInputEvents = YES;
				INFOPLIST_KEY_UILaunchStoryboardName = LaunchScreen;
				INFOPLIST_KEY_UIMainStoryboardFile = Main;
				INFOPLIST_KEY_UISupportedInterfaceOrientations_iPad = "UIInterfaceOrientationPortrait UIInterfaceOrientationPortraitUpsideDown UIInterfaceOrientationLandscapeLeft UIInterfaceOrientationLandscapeRight";
				INFOPLIST_KEY_UISupportedInterfaceOrientations_iPhone = "UIInterfaceOrientationPortrait UIInterfaceOrientationLandscapeLeft UIInterfaceOrientationLandscapeRight";
				LD_RUNPATH_SEARCH_PATHS = (
					"$(inherited)",
					"@executable_path/Frameworks",
				);
				MARKETING_VERSION = 1.0;
				PRODUCT_BUNDLE_IDENTIFIER = com.test.TVMovieRanking;
				PRODUCT_NAME = "$(TARGET_NAME)";
				SWIFT_EMIT_LOC_STRINGS = YES;
				SWIFT_VERSION = 5.0;
				TARGETED_DEVICE_FAMILY = "1,2";
			};
			name = Release;
		};
/* End XCBuildConfiguration section */

/* Begin XCConfigurationList section */
		CBD8291F2B303E9F00026767 /* Build configuration list for PBXProject "TVMovieRanking" */ = {
			isa = XCConfigurationList;
			buildConfigurations = (
				CBD829362B303EA000026767 /* Debug */,
				CBD829372B303EA000026767 /* Release */,
			);
			defaultConfigurationIsVisible = 0;
			defaultConfigurationName = Release;
		};
		CBD829382B303EA000026767 /* Build configuration list for PBXNativeTarget "TVMovieRanking" */ = {
			isa = XCConfigurationList;
			buildConfigurations = (
				CBD829392B303EA000026767 /* Debug */,
				CBD8293A2B303EA000026767 /* Release */,
			);
			defaultConfigurationIsVisible = 0;
			defaultConfigurationName = Release;
		};
/* End XCConfigurationList section */

/* Begin XCRemoteSwiftPackageReference section */
		CBD8293B2B303F2700026767 /* XCRemoteSwiftPackageReference "RxSwift" */ = {
			isa = XCRemoteSwiftPackageReference;
			repositoryURL = "https://github.com/ReactiveX/RxSwift.git";
			requirement = {
				branch = main;
				kind = branch;
			};
		};
		CBD829402B303F3900026767 /* XCRemoteSwiftPackageReference "SnapKit" */ = {
			isa = XCRemoteSwiftPackageReference;
			repositoryURL = "https://github.com/SnapKit/SnapKit.git";
			requirement = {
				kind = upToNextMajorVersion;
				minimumVersion = 5.6.0;
			};
		};
		CBD829432B303F5C00026767 /* XCRemoteSwiftPackageReference "Kingfisher" */ = {
			isa = XCRemoteSwiftPackageReference;
			repositoryURL = "https://github.com/onevcat/Kingfisher.git";
			requirement = {
				branch = master;
				kind = branch;
			};
		};
		CBD829462B303F7400026767 /* XCRemoteSwiftPackageReference "RxAlamofire" */ = {
			isa = XCRemoteSwiftPackageReference;
			repositoryURL = "https://github.com/RxSwiftCommunity/RxAlamofire.git";
			requirement = {
				branch = main;
				kind = branch;
			};
		};
/* End XCRemoteSwiftPackageReference section */

/* Begin XCSwiftPackageProductDependency section */
		CBD8293C2B303F2700026767 /* RxCocoa */ = {
			isa = XCSwiftPackageProductDependency;
			package = CBD8293B2B303F2700026767 /* XCRemoteSwiftPackageReference "RxSwift" */;
			productName = RxCocoa;
		};
		CBD8293E2B303F2700026767 /* RxSwift */ = {
			isa = XCSwiftPackageProductDependency;
			package = CBD8293B2B303F2700026767 /* XCRemoteSwiftPackageReference "RxSwift" */;
			productName = RxSwift;
		};
		CBD829412B303F3900026767 /* SnapKit */ = {
			isa = XCSwiftPackageProductDependency;
			package = CBD829402B303F3900026767 /* XCRemoteSwiftPackageReference "SnapKit" */;
			productName = SnapKit;
		};
		CBD829442B303F5C00026767 /* Kingfisher */ = {
			isa = XCSwiftPackageProductDependency;
			package = CBD829432B303F5C00026767 /* XCRemoteSwiftPackageReference "Kingfisher" */;
			productName = Kingfisher;
		};
		CBD829472B303F7400026767 /* RxAlamofire */ = {
			isa = XCSwiftPackageProductDependency;
			package = CBD829462B303F7400026767 /* XCRemoteSwiftPackageReference "RxAlamofire" */;
			productName = RxAlamofire;
		};
/* End XCSwiftPackageProductDependency section */
	};
	rootObject = CBD8291C2B303E9F00026767 /* Project object */;
}
